
Microsoft Visual Studio Solution File, Format Version 12.00
# Visual Studio 15
VisualStudioVersion = 15.0.26403.7
MinimumVisualStudioVersion = 10.0.40219.1
Project("{FAE04EC0-301F-11D3-BF4B-00C04F79EFBC}") = "IVSCalc", "IVSCalc\IVSCalc.csproj", "{1D281D88-C911-4EBF-AEBB-C64EEF4D7EAA}"
EndProject
Project("{FAE04EC0-301F-11D3-BF4B-00C04F79EFBC}") = "MathClass", "MathClass\MathClass.csproj", "{64697D47-423F-4038-8417-238ABC295314}"
EndProject
Project("{FAE04EC0-301F-11D3-BF4B-00C04F79EFBC}") = "Tests", "Tests\Tests.csproj", "{C026DACF-493D-433D-8994-6594B1E406E3}"
EndProject
Project("{FAE04EC0-301F-11D3-BF4B-00C04F79EFBC}") = "Deviation", "Deviation\Deviation.csproj", "{FBF35D31-9B31-4A49-BF26-CF7ACDA5E416}"
EndProject
Global
	GlobalSection(SolutionConfigurationPlatforms) = preSolution
		Debug|Any CPU = Debug|Any CPU
		Debug|ARM = Debug|ARM
		Debug|x64 = Debug|x64
		Debug|x86 = Debug|x86
		Release|Any CPU = Release|Any CPU
		Release|ARM = Release|ARM
		Release|x64 = Release|x64
		Release|x86 = Release|x86
	EndGlobalSection
	GlobalSection(ProjectConfigurationPlatforms) = postSolution
		{1D281D88-C911-4EBF-AEBB-C64EEF4D7EAA}.Debug|Any CPU.ActiveCfg = Debug|x86
		{1D281D88-C911-4EBF-AEBB-C64EEF4D7EAA}.Debug|ARM.ActiveCfg = Debug|ARM
		{1D281D88-C911-4EBF-AEBB-C64EEF4D7EAA}.Debug|ARM.Build.0 = Debug|ARM
		{1D281D88-C911-4EBF-AEBB-C64EEF4D7EAA}.Debug|ARM.Deploy.0 = Debug|ARM
		{1D281D88-C911-4EBF-AEBB-C64EEF4D7EAA}.Debug|x64.ActiveCfg = Debug|x64
		{1D281D88-C911-4EBF-AEBB-C64EEF4D7EAA}.Debug|x64.Build.0 = Debug|x64
		{1D281D88-C911-4EBF-AEBB-C64EEF4D7EAA}.Debug|x64.Deploy.0 = Debug|x64
		{1D281D88-C911-4EBF-AEBB-C64EEF4D7EAA}.Debug|x86.ActiveCfg = Debug|x86
		{1D281D88-C911-4EBF-AEBB-C64EEF4D7EAA}.Debug|x86.Build.0 = Debug|x86
		{1D281D88-C911-4EBF-AEBB-C64EEF4D7EAA}.Debug|x86.Deploy.0 = Debug|x86
		{1D281D88-C911-4EBF-AEBB-C64EEF4D7EAA}.Release|Any CPU.ActiveCfg = Release|x86
		{1D281D88-C911-4EBF-AEBB-C64EEF4D7EAA}.Release|ARM.ActiveCfg = Release|ARM
		{1D281D88-C911-4EBF-AEBB-C64EEF4D7EAA}.Release|ARM.Build.0 = Release|ARM
		{1D281D88-C911-4EBF-AEBB-C64EEF4D7EAA}.Release|ARM.Deploy.0 = Release|ARM
		{1D281D88-C911-4EBF-AEBB-C64EEF4D7EAA}.Release|x64.ActiveCfg = Release|x64
		{1D281D88-C911-4EBF-AEBB-C64EEF4D7EAA}.Release|x64.Build.0 = Release|x64
		{1D281D88-C911-4EBF-AEBB-C64EEF4D7EAA}.Release|x64.Deploy.0 = Release|x64
		{1D281D88-C911-4EBF-AEBB-C64EEF4D7EAA}.Release|x86.ActiveCfg = Release|x86
		{1D281D88-C911-4EBF-AEBB-C64EEF4D7EAA}.Release|x86.Build.0 = Release|x86
		{1D281D88-C911-4EBF-AEBB-C64EEF4D7EAA}.Release|x86.Deploy.0 = Release|x86
		{64697D47-423F-4038-8417-238ABC295314}.Debug|Any CPU.ActiveCfg = Debug|Any CPU
		{64697D47-423F-4038-8417-238ABC295314}.Debug|Any CPU.Build.0 = Debug|Any CPU
		{64697D47-423F-4038-8417-238ABC295314}.Debug|ARM.ActiveCfg = Debug|ARM
		{64697D47-423F-4038-8417-238ABC295314}.Debug|ARM.Build.0 = Debug|ARM
		{64697D47-423F-4038-8417-238ABC295314}.Debug|x64.ActiveCfg = Debug|x64
		{64697D47-423F-4038-8417-238ABC295314}.Debug|x64.Build.0 = Debug|x64
		{64697D47-423F-4038-8417-238ABC295314}.Debug|x86.ActiveCfg = Debug|x86
		{64697D47-423F-4038-8417-238ABC295314}.Debug|x86.Build.0 = Debug|x86
		{64697D47-423F-4038-8417-238ABC295314}.Release|Any CPU.ActiveCfg = Release|Any CPU
		{64697D47-423F-4038-8417-238ABC295314}.Release|Any CPU.Build.0 = Release|Any CPU
		{64697D47-423F-4038-8417-238ABC295314}.Release|ARM.ActiveCfg = Release|ARM
		{64697D47-423F-4038-8417-238ABC295314}.Release|ARM.Build.0 = Release|ARM
		{64697D47-423F-4038-8417-238ABC295314}.Release|x64.ActiveCfg = Release|x64
		{64697D47-423F-4038-8417-238ABC295314}.Release|x64.Build.0 = Release|x64
		{64697D47-423F-4038-8417-238ABC295314}.Release|x86.ActiveCfg = Release|x86
		{64697D47-423F-4038-8417-238ABC295314}.Release|x86.Build.0 = Release|x86
		{C026DACF-493D-433D-8994-6594B1E406E3}.Debug|Any CPU.ActiveCfg = Debug|x86
		{C026DACF-493D-433D-8994-6594B1E406E3}.Debug|ARM.ActiveCfg = Debug|ARM
		{C026DACF-493D-433D-8994-6594B1E406E3}.Debug|ARM.Build.0 = Debug|ARM
		{C026DACF-493D-433D-8994-6594B1E406E3}.Debug|ARM.Deploy.0 = Debug|ARM
		{C026DACF-493D-433D-8994-6594B1E406E3}.Debug|x64.ActiveCfg = Debug|x64
		{C026DACF-493D-433D-8994-6594B1E406E3}.Debug|x64.Build.0 = Debug|x64
		{C026DACF-493D-433D-8994-6594B1E406E3}.Debug|x64.Deploy.0 = Debug|x64
		{C026DACF-493D-433D-8994-6594B1E406E3}.Debug|x86.ActiveCfg = Debug|x86
		{C026DACF-493D-433D-8994-6594B1E406E3}.Debug|x86.Build.0 = Debug|x86
		{C026DACF-493D-433D-8994-6594B1E406E3}.Debug|x86.Deploy.0 = Debug|x86
		{C026DACF-493D-433D-8994-6594B1E406E3}.Release|Any CPU.ActiveCfg = Release|x86
		{C026DACF-493D-433D-8994-6594B1E406E3}.Release|ARM.ActiveCfg = Release|ARM
		{C026DACF-493D-433D-8994-6594B1E406E3}.Release|ARM.Build.0 = Release|ARM
		{C026DACF-493D-433D-8994-6594B1E406E3}.Release|ARM.Deploy.0 = Release|ARM
		{C026DACF-493D-433D-8994-6594B1E406E3}.Release|x64.ActiveCfg = Release|x64
		{C026DACF-493D-433D-8994-6594B1E406E3}.Release|x64.Build.0 = Release|x64
		{C026DACF-493D-433D-8994-6594B1E406E3}.Release|x64.Deploy.0 = Release|x64
		{C026DACF-493D-433D-8994-6594B1E406E3}.Release|x86.ActiveCfg = Release|x86
		{C026DACF-493D-433D-8994-6594B1E406E3}.Release|x86.Build.0 = Release|x86
		{C026DACF-493D-433D-8994-6594B1E406E3}.Release|x86.Deploy.0 = Release|x86
		{FBF35D31-9B31-4A49-BF26-CF7ACDA5E416}.Debug|Any CPU.ActiveCfg = Debug|Any CPU
		{FBF35D31-9B31-4A49-BF26-CF7ACDA5E416}.Debug|Any CPU.Build.0 = Debug|Any CPU
		{FBF35D31-9B31-4A49-BF26-CF7ACDA5E416}.Debug|ARM.ActiveCfg = Debug|Any CPU
		{FBF35D31-9B31-4A49-BF26-CF7ACDA5E416}.Debug|ARM.Build.0 = Debug|Any CPU
		{FBF35D31-9B31-4A49-BF26-CF7ACDA5E416}.Debug|x64.ActiveCfg = Debug|Any CPU
		{FBF35D31-9B31-4A49-BF26-CF7ACDA5E416}.Debug|x64.Build.0 = Debug|Any CPU
		{FBF35D31-9B31-4A49-BF26-CF7ACDA5E416}.Debug|x86.ActiveCfg = Debug|Any CPU
		{FBF35D31-9B31-4A49-BF26-CF7ACDA5E416}.Debug|x86.Build.0 = Debug|Any CPU
		{FBF35D31-9B31-4A49-BF26-CF7ACDA5E416}.Release|Any CPU.ActiveCfg = Release|Any CPU
		{FBF35D31-9B31-4A49-BF26-CF7ACDA5E416}.Release|Any CPU.Build.0 = Release|Any CPU
		{FBF35D31-9B31-4A49-BF26-CF7ACDA5E416}.Release|ARM.ActiveCfg = Release|Any CPU
		{FBF35D31-9B31-4A49-BF26-CF7ACDA5E416}.Release|ARM.Build.0 = Release|Any CPU
		{FBF35D31-9B31-4A49-BF26-CF7ACDA5E416}.Release|x64.ActiveCfg = Release|Any CPU
		{FBF35D31-9B31-4A49-BF26-CF7ACDA5E416}.Release|x64.Build.0 = Release|Any CPU
		{FBF35D31-9B31-4A49-BF26-CF7ACDA5E416}.Release|x86.ActiveCfg = Release|Any CPU
		{FBF35D31-9B31-4A49-BF26-CF7ACDA5E416}.Release|x86.Build.0 = Release|Any CPU
	EndGlobalSection
	GlobalSection(SolutionProperties) = preSolution
		HideSolutionNode = FALSE
	EndGlobalSection
EndGlobal
